// !$*UTF8*$!
{
	archiveVersion = 1;
	classes = {
	};
	objectVersion = 46;
	objects = {

/* Begin PBXBuildFile section */
		52A7CE89187FF7C200C3C92B /* Foundation.framework in Frameworks */ = {isa = PBXBuildFile; fileRef = 52A7CE88187FF7C200C3C92B /* Foundation.framework */; };
		52A7CE8B187FF7C200C3C92B /* CoreGraphics.framework in Frameworks */ = {isa = PBXBuildFile; fileRef = 52A7CE8A187FF7C200C3C92B /* CoreGraphics.framework */; };
		52A7CE8D187FF7C200C3C92B /* UIKit.framework in Frameworks */ = {isa = PBXBuildFile; fileRef = 52A7CE8C187FF7C200C3C92B /* UIKit.framework */; };
		52A7CE93187FF7C200C3C92B /* InfoPlist.strings in Resources */ = {isa = PBXBuildFile; fileRef = 52A7CE91187FF7C200C3C92B /* InfoPlist.strings */; };
		52A7CE95187FF7C200C3C92B /* main.m in Sources */ = {isa = PBXBuildFile; fileRef = 52A7CE94187FF7C200C3C92B /* main.m */; };
		52A7CE99187FF7C200C3C92B /* AppDelegate.m in Sources */ = {isa = PBXBuildFile; fileRef = 52A7CE98187FF7C200C3C92B /* AppDelegate.m */; };
		52A7CE9C187FF7C200C3C92B /* Main.storyboard in Resources */ = {isa = PBXBuildFile; fileRef = 52A7CE9A187FF7C200C3C92B /* Main.storyboard */; };
		52A7CE9F187FF7C200C3C92B /* ViewController.m in Sources */ = {isa = PBXBuildFile; fileRef = 52A7CE9E187FF7C200C3C92B /* ViewController.m */; };
		52A7CEA1187FF7C200C3C92B /* Images.xcassets in Resources */ = {isa = PBXBuildFile; fileRef = 52A7CEA0187FF7C200C3C92B /* Images.xcassets */; };
		52A7CEA8187FF7C200C3C92B /* XCTest.framework in Frameworks */ = {isa = PBXBuildFile; fileRef = 52A7CEA7187FF7C200C3C92B /* XCTest.framework */; };
		52A7CEA9187FF7C200C3C92B /* Foundation.framework in Frameworks */ = {isa = PBXBuildFile; fileRef = 52A7CE88187FF7C200C3C92B /* Foundation.framework */; };
		52A7CEAA187FF7C200C3C92B /* UIKit.framework in Frameworks */ = {isa = PBXBuildFile; fileRef = 52A7CE8C187FF7C200C3C92B /* UIKit.framework */; };
		52A7CEB2187FF7C200C3C92B /* InfoPlist.strings in Resources */ = {isa = PBXBuildFile; fileRef = 52A7CEB0187FF7C200C3C92B /* InfoPlist.strings */; };
		52A7CEB4187FF7C200C3C92B /* mentalo2Tests.m in Sources */ = {isa = PBXBuildFile; fileRef = 52A7CEB3187FF7C200C3C92B /* mentalo2Tests.m */; };
/* End PBXBuildFile section */

/* Begin PBXContainerItemProxy section */
		52A7CEAB187FF7C200C3C92B /* PBXContainerItemProxy */ = {
			isa = PBXContainerItemProxy;
			containerPortal = 52A7CE7D187FF7C200C3C92B /* Project object */;
			proxyType = 1;
			remoteGlobalIDString = 52A7CE84187FF7C200C3C92B;
			remoteInfo = mentalo2;
		};
/* End PBXContainerItemProxy section */

/* Begin PBXFileReference section */
		52A7CE85187FF7C200C3C92B /* mentalo2.app */ = {isa = PBXFileReference; explicitFileType = wrapper.application; includeInIndex = 0; path = mentalo2.app; sourceTree = BUILT_PRODUCTS_DIR; };
		52A7CE88187FF7C200C3C92B /* Foundation.framework */ = {isa = PBXFileReference; lastKnownFileType = wrapper.framework; name = Foundation.framework; path = System/Library/Frameworks/Foundation.framework; sourceTree = SDKROOT; };
		52A7CE8A187FF7C200C3C92B /* CoreGraphics.framework */ = {isa = PBXFileReference; lastKnownFileType = wrapper.framework; name = CoreGraphics.framework; path = System/Library/Frameworks/CoreGraphics.framework; sourceTree = SDKROOT; };
		52A7CE8C187FF7C200C3C92B /* UIKit.framework */ = {isa = PBXFileReference; lastKnownFileType = wrapper.framework; name = UIKit.framework; path = System/Library/Frameworks/UIKit.framework; sourceTree = SDKROOT; };
		52A7CE90187FF7C200C3C92B /* mentalo2-Info.plist */ = {isa = PBXFileReference; lastKnownFileType = text.plist.xml; path = "mentalo2-Info.plist"; sourceTree = "<group>"; };
		52A7CE92187FF7C200C3C92B /* en */ = {isa = PBXFileReference; lastKnownFileType = text.plist.strings; name = en; path = en.lproj/InfoPlist.strings; sourceTree = "<group>"; };
		52A7CE94187FF7C200C3C92B /* main.m */ = {isa = PBXFileReference; lastKnownFileType = sourcecode.c.objc; path = main.m; sourceTree = "<group>"; };
		52A7CE96187FF7C200C3C92B /* mentalo2-Prefix.pch */ = {isa = PBXFileReference; lastKnownFileType = sourcecode.c.h; path = "mentalo2-Prefix.pch"; sourceTree = "<group>"; };
		52A7CE97187FF7C200C3C92B /* AppDelegate.h */ = {isa = PBXFileReference; lastKnownFileType = sourcecode.c.h; path = AppDelegate.h; sourceTree = "<group>"; };
		52A7CE98187FF7C200C3C92B /* AppDelegate.m */ = {isa = PBXFileReference; lastKnownFileType = sourcecode.c.objc; path = AppDelegate.m; sourceTree = "<group>"; };
		52A7CE9B187FF7C200C3C92B /* Base */ = {isa = PBXFileReference; lastKnownFileType = file.storyboard; name = Base; path = Base.lproj/Main.storyboard; sourceTree = "<group>"; };
		52A7CE9D187FF7C200C3C92B /* ViewController.h */ = {isa = PBXFileReference; lastKnownFileType = sourcecode.c.h; path = ViewController.h; sourceTree = "<group>"; };
		52A7CE9E187FF7C200C3C92B /* ViewController.m */ = {isa = PBXFileReference; lastKnownFileType = sourcecode.c.objc; path = ViewController.m; sourceTree = "<group>"; };
		52A7CEA0187FF7C200C3C92B /* Images.xcassets */ = {isa = PBXFileReference; lastKnownFileType = folder.assetcatalog; path = Images.xcassets; sourceTree = "<group>"; };
		52A7CEA6187FF7C200C3C92B /* mentalo2Tests.xctest */ = {isa = PBXFileReference; explicitFileType = wrapper.cfbundle; includeInIndex = 0; path = mentalo2Tests.xctest; sourceTree = BUILT_PRODUCTS_DIR; };
		52A7CEA7187FF7C200C3C92B /* XCTest.framework */ = {isa = PBXFileReference; lastKnownFileType = wrapper.framework; name = XCTest.framework; path = Library/Frameworks/XCTest.framework; sourceTree = DEVELOPER_DIR; };
		52A7CEAF187FF7C200C3C92B /* mentalo2Tests-Info.plist */ = {isa = PBXFileReference; lastKnownFileType = text.plist.xml; path = "mentalo2Tests-Info.plist"; sourceTree = "<group>"; };
		52A7CEB1187FF7C200C3C92B /* en */ = {isa = PBXFileReference; lastKnownFileType = text.plist.strings; name = en; path = en.lproj/InfoPlist.strings; sourceTree = "<group>"; };
		52A7CEB3187FF7C200C3C92B /* mentalo2Tests.m */ = {isa = PBXFileReference; lastKnownFileType = sourcecode.c.objc; path = mentalo2Tests.m; sourceTree = "<group>"; };
/* End PBXFileReference section */

/* Begin PBXFrameworksBuildPhase section */
		52A7CE82187FF7C200C3C92B /* Frameworks */ = {
			isa = PBXFrameworksBuildPhase;
			buildActionMask = 2147483647;
			files = (
				52A7CE8B187FF7C200C3C92B /* CoreGraphics.framework in Frameworks */,
				52A7CE8D187FF7C200C3C92B /* UIKit.framework in Frameworks */,
				52A7CE89187FF7C200C3C92B /* Foundation.framework in Frameworks */,
			);
			runOnlyForDeploymentPostprocessing = 0;
		};
		52A7CEA3187FF7C200C3C92B /* Frameworks */ = {
			isa = PBXFrameworksBuildPhase;
			buildActionMask = 2147483647;
			files = (
				52A7CEA8187FF7C200C3C92B /* XCTest.framework in Frameworks */,
				52A7CEAA187FF7C200C3C92B /* UIKit.framework in Frameworks */,
				52A7CEA9187FF7C200C3C92B /* Foundation.framework in Frameworks */,
			);
			runOnlyForDeploymentPostprocessing = 0;
		};
/* End PBXFrameworksBuildPhase section */

/* Begin PBXGroup section */
		52A7CE7C187FF7C200C3C92B = {
			isa = PBXGroup;
			children = (
				52A7CE8E187FF7C200C3C92B /* mentalo2 */,
				52A7CEAD187FF7C200C3C92B /* mentalo2Tests */,
				52A7CE87187FF7C200C3C92B /* Frameworks */,
				52A7CE86187FF7C200C3C92B /* Products */,
			);
			sourceTree = "<group>";
		};
		52A7CE86187FF7C200C3C92B /* Products */ = {
			isa = PBXGroup;
			children = (
				52A7CE85187FF7C200C3C92B /* mentalo2.app */,
				52A7CEA6187FF7C200C3C92B /* mentalo2Tests.xctest */,
			);
			name = Products;
			sourceTree = "<group>";
		};
		52A7CE87187FF7C200C3C92B /* Frameworks */ = {
			isa = PBXGroup;
			children = (
				52A7CE88187FF7C200C3C92B /* Foundation.framework */,
				52A7CE8A187FF7C200C3C92B /* CoreGraphics.framework */,
				52A7CE8C187FF7C200C3C92B /* UIKit.framework */,
				52A7CEA7187FF7C200C3C92B /* XCTest.framework */,
			);
			name = Frameworks;
			sourceTree = "<group>";
		};
		52A7CE8E187FF7C200C3C92B /* mentalo2 */ = {
			isa = PBXGroup;
			children = (
				52A7CE97187FF7C200C3C92B /* AppDelegate.h */,
				52A7CE98187FF7C200C3C92B /* AppDelegate.m */,
				52A7CE9A187FF7C200C3C92B /* Main.storyboard */,
				52A7CE9D187FF7C200C3C92B /* ViewController.h */,
				52A7CE9E187FF7C200C3C92B /* ViewController.m */,
				52A7CEA0187FF7C200C3C92B /* Images.xcassets */,
				52A7CE8F187FF7C200C3C92B /* Supporting Files */,
			);
			path = mentalo2;
			sourceTree = "<group>";
		};
		52A7CE8F187FF7C200C3C92B /* Supporting Files */ = {
			isa = PBXGroup;
			children = (
				52A7CE90187FF7C200C3C92B /* mentalo2-Info.plist */,
				52A7CE91187FF7C200C3C92B /* InfoPlist.strings */,
				52A7CE94187FF7C200C3C92B /* main.m */,
				52A7CE96187FF7C200C3C92B /* mentalo2-Prefix.pch */,
			);
			name = "Supporting Files";
			sourceTree = "<group>";
		};
		52A7CEAD187FF7C200C3C92B /* mentalo2Tests */ = {
			isa = PBXGroup;
			children = (
				52A7CEB3187FF7C200C3C92B /* mentalo2Tests.m */,
				52A7CEAE187FF7C200C3C92B /* Supporting Files */,
			);
			path = mentalo2Tests;
			sourceTree = "<group>";
		};
		52A7CEAE187FF7C200C3C92B /* Supporting Files */ = {
			isa = PBXGroup;
			children = (
				52A7CEAF187FF7C200C3C92B /* mentalo2Tests-Info.plist */,
				52A7CEB0187FF7C200C3C92B /* InfoPlist.strings */,
			);
			name = "Supporting Files";
			sourceTree = "<group>";
		};
/* End PBXGroup section */

/* Begin PBXNativeTarget section */
		52A7CE84187FF7C200C3C92B /* mentalo2 */ = {
			isa = PBXNativeTarget;
			buildConfigurationList = 52A7CEB7187FF7C300C3C92B /* Build configuration list for PBXNativeTarget "mentalo2" */;
			buildPhases = (
				52A7CE81187FF7C200C3C92B /* Sources */,
				52A7CE82187FF7C200C3C92B /* Frameworks */,
				52A7CE83187FF7C200C3C92B /* Resources */,
			);
			buildRules = (
			);
			dependencies = (
			);
			name = mentalo2;
			productName = mentalo2;
			productReference = 52A7CE85187FF7C200C3C92B /* mentalo2.app */;
			productType = "com.apple.product-type.application";
		};
		52A7CEA5187FF7C200C3C92B /* mentalo2Tests */ = {
			isa = PBXNativeTarget;
			buildConfigurationList = 52A7CEBA187FF7C300C3C92B /* Build configuration list for PBXNativeTarget "mentalo2Tests" */;
			buildPhases = (
				52A7CEA2187FF7C200C3C92B /* Sources */,
				52A7CEA3187FF7C200C3C92B /* Frameworks */,
				52A7CEA4187FF7C200C3C92B /* Resources */,
			);
			buildRules = (
			);
			dependencies = (
				52A7CEAC187FF7C200C3C92B /* PBXTargetDependency */,
			);
			name = mentalo2Tests;
			productName = mentalo2Tests;
			productReference = 52A7CEA6187FF7C200C3C92B /* mentalo2Tests.xctest */;
			productType = "com.apple.product-type.bundle.unit-test";
		};
/* End PBXNativeTarget section */

/* Begin PBXProject section */
		52A7CE7D187FF7C200C3C92B /* Project object */ = {
			isa = PBXProject;
			attributes = {
				LastUpgradeCheck = 0500;
				ORGANIZATIONNAME = "Collin Partee";
				TargetAttributes = {
					52A7CEA5187FF7C200C3C92B = {
						TestTargetID = 52A7CE84187FF7C200C3C92B;
					};
				};
			};
			buildConfigurationList = 52A7CE80187FF7C200C3C92B /* Build configuration list for PBXProject "mentalo2" */;
			compatibilityVersion = "Xcode 3.2";
			developmentRegion = English;
			hasScannedForEncodings = 0;
			knownRegions = (
				en,
				Base,
			);
			mainGroup = 52A7CE7C187FF7C200C3C92B;
			productRefGroup = 52A7CE86187FF7C200C3C92B /* Products */;
			projectDirPath = "";
			projectRoot = "";
			targets = (
				52A7CE84187FF7C200C3C92B /* mentalo2 */,
				52A7CEA5187FF7C200C3C92B /* mentalo2Tests */,
			);
		};
/* End PBXProject section */

/* Begin PBXResourcesBuildPhase section */
		52A7CE83187FF7C200C3C92B /* Resources */ = {
			isa = PBXResourcesBuildPhase;
			buildActionMask = 2147483647;
			files = (
				52A7CEA1187FF7C200C3C92B /* Images.xcassets in Resources */,
				52A7CE93187FF7C200C3C92B /* InfoPlist.strings in Resources */,
				52A7CE9C187FF7C200C3C92B /* Main.storyboard in Resources */,
			);
			runOnlyForDeploymentPostprocessing = 0;
		};
		52A7CEA4187FF7C200C3C92B /* Resources */ = {
			isa = PBXResourcesBuildPhase;
			buildActionMask = 2147483647;
			files = (
				52A7CEB2187FF7C200C3C92B /* InfoPlist.strings in Resources */,
			);
			runOnlyForDeploymentPostprocessing = 0;
		};
/* End PBXResourcesBuildPhase section */

/* Begin PBXSourcesBuildPhase section */
		52A7CE81187FF7C200C3C92B /* Sources */ = {
			isa = PBXSourcesBuildPhase;
			buildActionMask = 2147483647;
			files = (
				52A7CE9F187FF7C200C3C92B /* ViewController.m in Sources */,
				52A7CE99187FF7C200C3C92B /* AppDelegate.m in Sources */,
				52A7CE95187FF7C200C3C92B /* main.m in Sources */,
			);
			runOnlyForDeploymentPostprocessing = 0;
		};
		52A7CEA2187FF7C200C3C92B /* Sources */ = {
			isa = PBXSourcesBuildPhase;
			buildActionMask = 2147483647;
			files = (
				52A7CEB4187FF7C200C3C92B /* mentalo2Tests.m in Sources */,
			);
			runOnlyForDeploymentPostprocessing = 0;
		};
/* End PBXSourcesBuildPhase section */

/* Begin PBXTargetDependency section */
		52A7CEAC187FF7C200C3C92B /* PBXTargetDependency */ = {
			isa = PBXTargetDependency;
			target = 52A7CE84187FF7C200C3C92B /* mentalo2 */;
			targetProxy = 52A7CEAB187FF7C200C3C92B /* PBXContainerItemProxy */;
		};
/* End PBXTargetDependency section */

/* Begin PBXVariantGroup section */
		52A7CE91187FF7C200C3C92B /* InfoPlist.strings */ = {
			isa = PBXVariantGroup;
			children = (
				52A7CE92187FF7C200C3C92B /* en */,
			);
			name = InfoPlist.strings;
			sourceTree = "<group>";
		};
		52A7CE9A187FF7C200C3C92B /* Main.storyboard */ = {
			isa = PBXVariantGroup;
			children = (
				52A7CE9B187FF7C200C3C92B /* Base */,
			);
			name = Main.storyboard;
			sourceTree = "<group>";
		};
		52A7CEB0187FF7C200C3C92B /* InfoPlist.strings */ = {
			isa = PBXVariantGroup;
			children = (
				52A7CEB1187FF7C200C3C92B /* en */,
			);
			name = InfoPlist.strings;
			sourceTree = "<group>";
		};
/* End PBXVariantGroup section */

/* Begin XCBuildConfiguration section */
		52A7CEB5187FF7C200C3C92B /* Debug */ = {
			isa = XCBuildConfiguration;
			buildSettings = {
				ALWAYS_SEARCH_USER_PATHS = NO;
				ARCHS = "$(ARCHS_STANDARD_INCLUDING_64_BIT)";
				CLANG_CXX_LANGUAGE_STANDARD = "gnu++0x";
				CLANG_CXX_LIBRARY = "libc++";
				CLANG_ENABLE_MODULES = YES;
				CLANG_ENABLE_OBJC_ARC = YES;
				CLANG_WARN_BOOL_CONVERSION = YES;
				CLANG_WARN_CONSTANT_CONVERSION = YES;
				CLANG_WARN_DIRECT_OBJC_ISA_USAGE = YES_ERROR;
				CLANG_WARN_EMPTY_BODY = YES;
				CLANG_WARN_ENUM_CONVERSION = YES;
				CLANG_WARN_INT_CONVERSION = YES;
				CLANG_WARN_OBJC_ROOT_CLASS = YES_ERROR;
				CLANG_WARN__DUPLICATE_METHOD_MATCH = YES;
				"CODE_SIGN_IDENTITY[sdk=iphoneos*]" = "iPhone Developer";
				COPY_PHASE_STRIP = NO;
				GCC_C_LANGUAGE_STANDARD = gnu99;
				GCC_DYNAMIC_NO_PIC = NO;
				GCC_OPTIMIZATION_LEVEL = 0;
				GCC_PREPROCESSOR_DEFINITIONS = (
					"DEBUG=1",
					"$(inherited)",
				);
				GCC_SYMBOLS_PRIVATE_EXTERN = NO;
				GCC_WARN_64_TO_32_BIT_CONVERSION = YES;
				GCC_WARN_ABOUT_RETURN_TYPE = YES_ERROR;
				GCC_WARN_UNDECLARED_SELECTOR = YES;
				GCC_WARN_UNINITIALIZED_AUTOS = YES;
				GCC_WARN_UNUSED_FUNCTION = YES;
				GCC_WARN_UNUSED_VARIABLE = YES;
				IPHONEOS_DEPLOYMENT_TARGET = 7.0;
				ONLY_ACTIVE_ARCH = YES;
				SDKROOT = iphoneos;
			};
			name = Debug;
		};
		52A7CEB6187FF7C200C3C92B /* Release */ = {
			isa = XCBuildConfiguration;
			buildSettings = {
				ALWAYS_SEARCH_USER_PATHS = NO;
				ARCHS = "$(ARCHS_STANDARD_INCLUDING_64_BIT)";
				CLANG_CXX_LANGUAGE_STANDARD = "gnu++0x";
				CLANG_CXX_LIBRARY = "libc++";
				CLANG_ENABLE_MODULES = YES;
				CLANG_ENABLE_OBJC_ARC = YES;
				CLANG_WARN_BOOL_CONVERSION = YES;
				CLANG_WARN_CONSTANT_CONVERSION = YES;
				CLANG_WARN_DIRECT_OBJC_ISA_USAGE = YES_ERROR;
				CLANG_WARN_EMPTY_BODY = YES;
				CLANG_WARN_ENUM_CONVERSION = YES;
				CLANG_WARN_INT_CONVERSION = YES;
				CLANG_WARN_OBJC_ROOT_CLASS = YES_ERROR;
				CLANG_WARN__DUPLICATE_METHOD_MATCH = YES;
				"CODE_SIGN_IDENTITY[sdk=iphoneos*]" = "iPhone Developer";
				COPY_PHASE_STRIP = YES;
				ENABLE_NS_ASSERTIONS = NO;
				GCC_C_LANGUAGE_STANDARD = gnu99;
				GCC_WARN_64_TO_32_BIT_CONVERSION = YES;
				GCC_WARN_ABOUT_RETURN_TYPE = YES_ERROR;
				GCC_WARN_UNDECLARED_SELECTOR = YES;
				GCC_WARN_UNINITIALIZED_AUTOS = YES;
				GCC_WARN_UNUSED_FUNCTION = YES;
				GCC_WARN_UNUSED_VARIABLE = YES;
				IPHONEOS_DEPLOYMENT_TARGET = 7.0;
				SDKROOT = iphoneos;
				VALIDATE_PRODUCT = YES;
			};
			name = Release;
		};
		52A7CEB8187FF7C300C3C92B /* Debug */ = {
			isa = XCBuildConfiguration;
			buildSettings = {
				ASSETCATALOG_COMPILER_APPICON_NAME = AppIcon;
				ASSETCATALOG_COMPILER_LAUNCHIMAGE_NAME = LaunchImage;
				GCC_PRECOMPILE_PREFIX_HEADER = YES;
				GCC_PREFIX_HEADER = "mentalo2/mentalo2-Prefix.pch";
				INFOPLIST_FILE = "mentalo2/mentalo2-Info.plist";
				PRODUCT_NAME = "$(TARGET_NAME)";
				WRAPPER_EXTENSION = app;
			};
			name = Debug;
		};
		52A7CEB9187FF7C300C3C92B /* Release */ = {
			isa = XCBuildConfiguration;
			buildSettings = {
				ASSETCATALOG_COMPILER_APPICON_NAME = AppIcon;
				ASSETCATALOG_COMPILER_LAUNCHIMAGE_NAME = LaunchImage;
				GCC_PRECOMPILE_PREFIX_HEADER = YES;
				GCC_PREFIX_HEADER = "mentalo2/mentalo2-Prefix.pch";
				INFOPLIST_FILE = "mentalo2/mentalo2-Info.plist";
				PRODUCT_NAME = "$(TARGET_NAME)";
				WRAPPER_EXTENSION = app;
			};
			name = Release;
		};
		52A7CEBB187FF7C300C3C92B /* Debug */ = {
			isa = XCBuildConfiguration;
			buildSettings = {
				ARCHS = "$(ARCHS_STANDARD_INCLUDING_64_BIT)";
				BUNDLE_LOADER = "$(BUILT_PRODUCTS_DIR)/mentalo2.app/mentalo2";
				FRAMEWORK_SEARCH_PATHS = (
					"$(SDKROOT)/Developer/Library/Frameworks",
					"$(inherited)",
					"$(DEVELOPER_FRAMEWORKS_DIR)",
				);
				GCC_PRECOMPILE_PREFIX_HEADER = YES;
				GCC_PREFIX_HEADER = "mentalo2/mentalo2-Prefix.pch";
				GCC_PREPROCESSOR_DEFINITIONS = (
					"DEBUG=1",
					"$(inherited)",
				);
				INFOPLIST_FILE = "mentalo2Tests/mentalo2Tests-Info.plist";
				PRODUCT_NAME = "$(TARGET_NAME)";
				TEST_HOST = "$(BUNDLE_LOADER)";
				WRAPPER_EXTENSION = xctest;
			};
			name = Debug;
		};
		52A7CEBC187FF7C300C3C92B /* Release */ = {
			isa = XCBuildConfiguration;
			buildSettings = {
				ARCHS = "$(ARCHS_STANDARD_INCLUDING_64_BIT)";
				BUNDLE_LOADER = "$(BUILT_PRODUCTS_DIR)/mentalo2.app/mentalo2";
				FRAMEWORK_SEARCH_PATHS = (
					"$(SDKROOT)/Developer/Library/Frameworks",
					"$(inherited)",
					"$(DEVELOPER_FRAMEWORKS_DIR)",
				);
				GCC_PRECOMPILE_PREFIX_HEADER = YES;
				GCC_PREFIX_HEADER = "mentalo2/mentalo2-Prefix.pch";
				INFOPLIST_FILE = "mentalo2Tests/mentalo2Tests-Info.plist";
				PRODUCT_NAME = "$(TARGET_NAME)";
				TEST_HOST = "$(BUNDLE_LOADER)";
				WRAPPER_EXTENSION = xctest;
			};
			name = Release;
		};
/* End XCBuildConfiguration section */

/* Begin XCConfigurationList section */
		52A7CE80187FF7C200C3C92B /* Build configuration list for PBXProject "mentalo2" */ = {
			isa = XCConfigurationList;
			buildConfigurations = (
				52A7CEB5187FF7C200C3C92B /* Debug */,
				52A7CEB6187FF7C200C3C92B /* Release */,
			);
			defaultConfigurationIsVisible = 0;
			defaultConfigurationName = Release;
		};
		52A7CEB7187FF7C300C3C92B /* Build configuration list for PBXNativeTarget "mentalo2" */ = {
			isa = XCConfigurationList;
			buildConfigurations = (
				52A7CEB8187FF7C300C3C92B /* Debug */,
				52A7CEB9187FF7C300C3C92B /* Release */,
			);
			defaultConfigurationIsVisible = 0;
		};
		52A7CEBA187FF7C300C3C92B /* Build configuration list for PBXNativeTarget "mentalo2Tests" */ = {
			isa = XCConfigurationList;
			buildConfigurations = (
				52A7CEBB187FF7C300C3C92B /* Debug */,
				52A7CEBC187FF7C300C3C92B /* Release */,
			);
			defaultConfigurationIsVisible = 0;
		};
/* End XCConfigurationList section */
	};
	rootObject = 52A7CE7D187FF7C200C3C92B /* Project object */;
}
